{
  "name": "suvat",
  "lockfileVersion": 3,
  "requires": true,
  "packages": {
    "": {
      "dependencies": {
        "suvat": "^1.0.1"
      }
    },
    "node_modules/suvat": {
      "version": "1.0.1",
      "resolved": "https://registry.npmjs.org/suvat/-/suvat-1.0.1.tgz",
      "integrity": "sha512-F3M0+2zHu0lf/vpKQkC4co0+pOyCo0keIvcjfA7RU8OMXTy+QM8R81W8oYGsl6o4nybRSjWNsZCeuGI0tJDjlQ=="
    }
  }
}
